// !$*UTF8*$!
{
	archiveVersion = 1;
	classes = {
	};
	objectVersion = 48;
	objects = {

/* Begin PBXBuildFile section */
		612C8CD920072C290068B703 /* AppDelegate.m in Sources */ = {isa = PBXBuildFile; fileRef = 612C8CD820072C290068B703 /* AppDelegate.m */; };
		612C8CDC20072C290068B703 /* ViewController.m in Sources */ = {isa = PBXBuildFile; fileRef = 612C8CDB20072C290068B703 /* ViewController.m */; };
		612C8CDF20072C290068B703 /* Main.storyboard in Resources */ = {isa = PBXBuildFile; fileRef = 612C8CDD20072C290068B703 /* Main.storyboard */; };
		612C8CE120072C290068B703 /* Assets.xcassets in Resources */ = {isa = PBXBuildFile; fileRef = 612C8CE020072C290068B703 /* Assets.xcassets */; };
		612C8CE420072C290068B703 /* LaunchScreen.storyboard in Resources */ = {isa = PBXBuildFile; fileRef = 612C8CE220072C290068B703 /* LaunchScreen.storyboard */; };
		612C8CE720072C290068B703 /* main.m in Sources */ = {isa = PBXBuildFile; fileRef = 612C8CE620072C290068B703 /* main.m */; };
		612C8CF120072C290068B703 /* JPAnimationTests.m in Sources */ = {isa = PBXBuildFile; fileRef = 612C8CF020072C290068B703 /* JPAnimationTests.m */; };
		612C8CFE200730580068B703 /* LJPWarterDrop.m in Sources */ = {isa = PBXBuildFile; fileRef = 612C8CFD200730580068B703 /* LJPWarterDrop.m */; };
/* End PBXBuildFile section */

/* Begin PBXContainerItemProxy section */
		612C8CED20072C290068B703 /* PBXContainerItemProxy */ = {
			isa = PBXContainerItemProxy;
			containerPortal = 612C8CCC20072C280068B703 /* Project object */;
			proxyType = 1;
			remoteGlobalIDString = 612C8CD320072C280068B703;
			remoteInfo = JPAnimation;
		};
/* End PBXContainerItemProxy section */

/* Begin PBXFileReference section */
		612C8CD420072C280068B703 /* JPAnimation.app */ = {isa = PBXFileReference; explicitFileType = wrapper.application; includeInIndex = 0; path = JPAnimation.app; sourceTree = BUILT_PRODUCTS_DIR; };
		612C8CD720072C290068B703 /* AppDelegate.h */ = {isa = PBXFileReference; lastKnownFileType = sourcecode.c.h; path = AppDelegate.h; sourceTree = "<group>"; };
		612C8CD820072C290068B703 /* AppDelegate.m */ = {isa = PBXFileReference; lastKnownFileType = sourcecode.c.objc; path = AppDelegate.m; sourceTree = "<group>"; };
		612C8CDA20072C290068B703 /* ViewController.h */ = {isa = PBXFileReference; lastKnownFileType = sourcecode.c.h; path = ViewController.h; sourceTree = "<group>"; };
		612C8CDB20072C290068B703 /* ViewController.m */ = {isa = PBXFileReference; lastKnownFileType = sourcecode.c.objc; path = ViewController.m; sourceTree = "<group>"; };
		612C8CDE20072C290068B703 /* Base */ = {isa = PBXFileReference; lastKnownFileType = file.storyboard; name = Base; path = Base.lproj/Main.storyboard; sourceTree = "<group>"; };
		612C8CE020072C290068B703 /* Assets.xcassets */ = {isa = PBXFileReference; lastKnownFileType = folder.assetcatalog; path = Assets.xcassets; sourceTree = "<group>"; };
		612C8CE320072C290068B703 /* Base */ = {isa = PBXFileReference; lastKnownFileType = file.storyboard; name = Base; path = Base.lproj/LaunchScreen.storyboard; sourceTree = "<group>"; };
		612C8CE520072C290068B703 /* Info.plist */ = {isa = PBXFileReference; lastKnownFileType = text.plist.xml; path = Info.plist; sourceTree = "<group>"; };
		612C8CE620072C290068B703 /* main.m */ = {isa = PBXFileReference; lastKnownFileType = sourcecode.c.objc; path = main.m; sourceTree = "<group>"; };
		612C8CEC20072C290068B703 /* JPAnimationTests.xctest */ = {isa = PBXFileReference; explicitFileType = wrapper.cfbundle; includeInIndex = 0; path = JPAnimationTests.xctest; sourceTree = BUILT_PRODUCTS_DIR; };
		612C8CF020072C290068B703 /* JPAnimationTests.m */ = {isa = PBXFileReference; lastKnownFileType = sourcecode.c.objc; path = JPAnimationTests.m; sourceTree = "<group>"; };
		612C8CF220072C290068B703 /* Info.plist */ = {isa = PBXFileReference; lastKnownFileType = text.plist.xml; path = Info.plist; sourceTree = "<group>"; };
		612C8CFC200730580068B703 /* LJPWarterDrop.h */ = {isa = PBXFileReference; lastKnownFileType = sourcecode.c.h; path = LJPWarterDrop.h; sourceTree = "<group>"; };
		612C8CFD200730580068B703 /* LJPWarterDrop.m */ = {isa = PBXFileReference; lastKnownFileType = sourcecode.c.objc; path = LJPWarterDrop.m; sourceTree = "<group>"; };
/* End PBXFileReference section */

/* Begin PBXFrameworksBuildPhase section */
		612C8CD120072C280068B703 /* Frameworks */ = {
			isa = PBXFrameworksBuildPhase;
			buildActionMask = 2147483647;
			files = (
			);
			runOnlyForDeploymentPostprocessing = 0;
		};
		612C8CE920072C290068B703 /* Frameworks */ = {
			isa = PBXFrameworksBuildPhase;
			buildActionMask = 2147483647;
			files = (
			);
			runOnlyForDeploymentPostprocessing = 0;
		};
/* End PBXFrameworksBuildPhase section */

/* Begin PBXGroup section */
		21B5CC2ED4602DDDB8DE7F68 /* Frameworks */ = {
			isa = PBXGroup;
			children = (
			);
			name = Frameworks;
			sourceTree = "<group>";
		};
		612C8CCB20072C280068B703 = {
			isa = PBXGroup;
			children = (
				612C8CD620072C280068B703 /* JPAnimation */,
				612C8CEF20072C290068B703 /* JPAnimationTests */,
				612C8CD520072C280068B703 /* Products */,
				21B5CC2ED4602DDDB8DE7F68 /* Frameworks */,
			);
			sourceTree = "<group>";
		};
		612C8CD520072C280068B703 /* Products */ = {
			isa = PBXGroup;
			children = (
				612C8CD420072C280068B703 /* JPAnimation.app */,
				612C8CEC20072C290068B703 /* JPAnimationTests.xctest */,
			);
			name = Products;
			sourceTree = "<group>";
		};
		612C8CD620072C280068B703 /* JPAnimation */ = {
			isa = PBXGroup;
			children = (
				612C8CFB200730310068B703 /* LJPWaterDrop */,
				612C8CD720072C290068B703 /* AppDelegate.h */,
				612C8CD820072C290068B703 /* AppDelegate.m */,
				612C8CDA20072C290068B703 /* ViewController.h */,
				612C8CDB20072C290068B703 /* ViewController.m */,
				612C8CDD20072C290068B703 /* Main.storyboard */,
				612C8CE020072C290068B703 /* Assets.xcassets */,
				612C8CE220072C290068B703 /* LaunchScreen.storyboard */,
				612C8CE520072C290068B703 /* Info.plist */,
				612C8CE620072C290068B703 /* main.m */,
			);
			path = JPAnimation;
			sourceTree = "<group>";
		};
		612C8CEF20072C290068B703 /* JPAnimationTests */ = {
			isa = PBXGroup;
			children = (
				612C8CF020072C290068B703 /* JPAnimationTests.m */,
				612C8CF220072C290068B703 /* Info.plist */,
			);
			path = JPAnimationTests;
			sourceTree = "<group>";
		};
		612C8CFB200730310068B703 /* LJPWaterDrop */ = {
			isa = PBXGroup;
			children = (
				612C8CFC200730580068B703 /* LJPWarterDrop.h */,
				612C8CFD200730580068B703 /* LJPWarterDrop.m */,
			);
			path = LJPWaterDrop;
			sourceTree = "<group>";
		};
/* End PBXGroup section */

/* Begin PBXNativeTarget section */
		612C8CD320072C280068B703 /* JPAnimation */ = {
			isa = PBXNativeTarget;
			buildConfigurationList = 612C8CF520072C290068B703 /* Build configuration list for PBXNativeTarget "JPAnimation" */;
			buildPhases = (
				612C8CD020072C280068B703 /* Sources */,
				612C8CD120072C280068B703 /* Frameworks */,
				612C8CD220072C280068B703 /* Resources */,
			);
			buildRules = (
			);
			dependencies = (
			);
			name = JPAnimation;
			productName = JPAnimation;
			productReference = 612C8CD420072C280068B703 /* JPAnimation.app */;
			productType = "com.apple.product-type.application";
		};
		612C8CEB20072C290068B703 /* JPAnimationTests */ = {
			isa = PBXNativeTarget;
			buildConfigurationList = 612C8CF820072C290068B703 /* Build configuration list for PBXNativeTarget "JPAnimationTests" */;
			buildPhases = (
				612C8CE820072C290068B703 /* Sources */,
				612C8CE920072C290068B703 /* Frameworks */,
				612C8CEA20072C290068B703 /* Resources */,
			);
			buildRules = (
			);
			dependencies = (
				612C8CEE20072C290068B703 /* PBXTargetDependency */,
			);
			name = JPAnimationTests;
			productName = JPAnimationTests;
			productReference = 612C8CEC20072C290068B703 /* JPAnimationTests.xctest */;
			productType = "com.apple.product-type.bundle.unit-test";
		};
/* End PBXNativeTarget section */

/* Begin PBXProject section */
		612C8CCC20072C280068B703 /* Project object */ = {
			isa = PBXProject;
			attributes = {
				LastUpgradeCheck = 0920;
				ORGANIZATIONNAME = quzhongrensan;
				TargetAttributes = {
					612C8CD320072C280068B703 = {
						CreatedOnToolsVersion = 9.2;
						ProvisioningStyle = Automatic;
					};
					612C8CEB20072C290068B703 = {
						CreatedOnToolsVersion = 9.2;
						ProvisioningStyle = Automatic;
						TestTargetID = 612C8CD320072C280068B703;
					};
				};
			};
			buildConfigurationList = 612C8CCF20072C280068B703 /* Build configuration list for PBXProject "JPAnimation" */;
			compatibilityVersion = "Xcode 8.0";
			developmentRegion = en;
			hasScannedForEncodings = 0;
			knownRegions = (
				en,
				Base,
			);
			mainGroup = 612C8CCB20072C280068B703;
			productRefGroup = 612C8CD520072C280068B703 /* Products */;
			projectDirPath = "";
			projectRoot = "";
			targets = (
				612C8CD320072C280068B703 /* JPAnimation */,
				612C8CEB20072C290068B703 /* JPAnimationTests */,
			);
		};
/* End PBXProject section */

/* Begin PBXResourcesBuildPhase section */
		612C8CD220072C280068B703 /* Resources */ = {
			isa = PBXResourcesBuildPhase;
			buildActionMask = 2147483647;
			files = (
				612C8CE420072C290068B703 /* LaunchScreen.storyboard in Resources */,
				612C8CE120072C290068B703 /* Assets.xcassets in Resources */,
				612C8CDF20072C290068B703 /* Main.storyboard in Resources */,
			);
			runOnlyForDeploymentPostprocessing = 0;
		};
		612C8CEA20072C290068B703 /* Resources */ = {
			isa = PBXResourcesBuildPhase;
			buildActionMask = 2147483647;
			files = (
			);
			runOnlyForDeploymentPostprocessing = 0;
		};
/* End PBXResourcesBuildPhase section */

/* Begin PBXSourcesBuildPhase section */
		612C8CD020072C280068B703 /* Sources */ = {
			isa = PBXSourcesBuildPhase;
			buildActionMask = 2147483647;
			files = (
				612C8CDC20072C290068B703 /* ViewController.m in Sources */,
				612C8CE720072C290068B703 /* main.m in Sources */,
				612C8CFE200730580068B703 /* LJPWarterDrop.m in Sources */,
				612C8CD920072C290068B703 /* AppDelegate.m in Sources */,
			);
			runOnlyForDeploymentPostprocessing = 0;
		};
		612C8CE820072C290068B703 /* Sources */ = {
			isa = PBXSourcesBuildPhase;
			buildActionMask = 2147483647;
			files = (
				612C8CF120072C290068B703 /* JPAnimationTests.m in Sources */,
			);
			runOnlyForDeploymentPostprocessing = 0;
		};
/* End PBXSourcesBuildPhase section */

/* Begin PBXTargetDependency section */
		612C8CEE20072C290068B703 /* PBXTargetDependency */ = {
			isa = PBXTargetDependency;
			target = 612C8CD320072C280068B703 /* JPAnimation */;
			targetProxy = 612C8CED20072C290068B703 /* PBXContainerItemProxy */;
		};
/* End PBXTargetDependency section */

/* Begin PBXVariantGroup section */
		612C8CDD20072C290068B703 /* Main.storyboard */ = {
			isa = PBXVariantGroup;
			children = (
				612C8CDE20072C290068B703 /* Base */,
			);
			name = Main.storyboard;
			sourceTree = "<group>";
		};
		612C8CE220072C290068B703 /* LaunchScreen.storyboard */ = {
			isa = PBXVariantGroup;
			children = (
				612C8CE320072C290068B703 /* Base */,
			);
			name = LaunchScreen.storyboard;
			sourceTree = "<group>";
		};
/* End PBXVariantGroup section */

/* Begin XCBuildConfiguration section */
		612C8CF320072C290068B703 /* Debug */ = {
			isa = XCBuildConfiguration;
			buildSettings = {
				ALWAYS_SEARCH_USER_PATHS = NO;
				CLANG_ANALYZER_NONNULL = YES;
				CLANG_ANALYZER_NUMBER_OBJECT_CONVERSION = YES_AGGRESSIVE;
				CLANG_CXX_LANGUAGE_STANDARD = "gnu++14";
				CLANG_CXX_LIBRARY = "libc++";
				CLANG_ENABLE_MODULES = YES;
				CLANG_ENABLE_OBJC_ARC = YES;
				CLANG_WARN_BLOCK_CAPTURE_AUTORELEASING = YES;
				CLANG_WARN_BOOL_CONVERSION = YES;
				CLANG_WARN_COMMA = YES;
				CLANG_WARN_CONSTANT_CONVERSION = YES;
				CLANG_WARN_DIRECT_OBJC_ISA_USAGE = YES_ERROR;
				CLANG_WARN_DOCUMENTATION_COMMENTS = YES;
				CLANG_WARN_EMPTY_BODY = YES;
				CLANG_WARN_ENUM_CONVERSION = YES;
				CLANG_WARN_INFINITE_RECURSION = YES;
				CLANG_WARN_INT_CONVERSION = YES;
				CLANG_WARN_NON_LITERAL_NULL_CONVERSION = YES;
				CLANG_WARN_OBJC_LITERAL_CONVERSION = YES;
				CLANG_WARN_OBJC_ROOT_CLASS = YES_ERROR;
				CLANG_WARN_RANGE_LOOP_ANALYSIS = YES;
				CLANG_WARN_STRICT_PROTOTYPES = YES;
				CLANG_WARN_SUSPICIOUS_MOVE = YES;
				CLANG_WARN_UNGUARDED_AVAILABILITY = YES_AGGRESSIVE;
				CLANG_WARN_UNREACHABLE_CODE = YES;
				CLANG_WARN__DUPLICATE_METHOD_MATCH = YES;
				CODE_SIGN_IDENTITY = "iPhone Developer";
				COPY_PHASE_STRIP = NO;
				DEBUG_INFORMATION_FORMAT = dwarf;
				ENABLE_STRICT_OBJC_MSGSEND = YES;
				ENABLE_TESTABILITY = YES;
				GCC_C_LANGUAGE_STANDARD = gnu11;
				GCC_DYNAMIC_NO_PIC = NO;
				GCC_NO_COMMON_BLOCKS = YES;
				GCC_OPTIMIZATION_LEVEL = 0;
				GCC_PREPROCESSOR_DEFINITIONS = (
					"DEBUG=1",
					"$(inherited)",
				);
				GCC_WARN_64_TO_32_BIT_CONVERSION = YES;
				GCC_WARN_ABOUT_RETURN_TYPE = YES_ERROR;
				GCC_WARN_UNDECLARED_SELECTOR = YES;
				GCC_WARN_UNINITIALIZED_AUTOS = YES_AGGRESSIVE;
				GCC_WARN_UNUSED_FUNCTION = YES;
				GCC_WARN_UNUSED_VARIABLE = YES;
				IPHONEOS_DEPLOYMENT_TARGET = 11.2;
				MTL_ENABLE_DEBUG_INFO = YES;
				ONLY_ACTIVE_ARCH = YES;
				SDKROOT = iphoneos;
			};
			name = Debug;
		};
		612C8CF420072C290068B703 /* Release */ = {
			isa = XCBuildConfiguration;
			buildSettings = {
				ALWAYS_SEARCH_USER_PATHS = NO;
				CLANG_ANALYZER_NONNULL = YES;
				CLANG_ANALYZER_NUMBER_OBJECT_CONVERSION = YES_AGGRESSIVE;
				CLANG_CXX_LANGUAGE_STANDARD = "gnu++14";
				CLANG_CXX_LIBRARY = "libc++";
				CLANG_ENABLE_MODULES = YES;
				CLANG_ENABLE_OBJC_ARC = YES;
				CLANG_WARN_BLOCK_CAPTURE_AUTORELEASING = YES;
				CLANG_WARN_BOOL_CONVERSION = YES;
				CLANG_WARN_COMMA = YES;
				CLANG_WARN_CONSTANT_CONVERSION = YES;
				CLANG_WARN_DIRECT_OBJC_ISA_USAGE = YES_ERROR;
				CLANG_WARN_DOCUMENTATION_COMMENTS = YES;
				CLANG_WARN_EMPTY_BODY = YES;
				CLANG_WARN_ENUM_CONVERSION = YES;
				CLANG_WARN_INFINITE_RECURSION = YES;
				CLANG_WARN_INT_CONVERSION = YES;
				CLANG_WARN_NON_LITERAL_NULL_CONVERSION = YES;
				CLANG_WARN_OBJC_LITERAL_CONVERSION = YES;
				CLANG_WARN_OBJC_ROOT_CLASS = YES_ERROR;
				CLANG_WARN_RANGE_LOOP_ANALYSIS = YES;
				CLANG_WARN_STRICT_PROTOTYPES = YES;
				CLANG_WARN_SUSPICIOUS_MOVE = YES;
				CLANG_WARN_UNGUARDED_AVAILABILITY = YES_AGGRESSIVE;
				CLANG_WARN_UNREACHABLE_CODE = YES;
				CLANG_WARN__DUPLICATE_METHOD_MATCH = YES;
				CODE_SIGN_IDENTITY = "iPhone Developer";
				COPY_PHASE_STRIP = NO;
				DEBUG_INFORMATION_FORMAT = "dwarf-with-dsym";
				ENABLE_NS_ASSERTIONS = NO;
				ENABLE_STRICT_OBJC_MSGSEND = YES;
				GCC_C_LANGUAGE_STANDARD = gnu11;
				GCC_NO_COMMON_BLOCKS = YES;
				GCC_WARN_64_TO_32_BIT_CONVERSION = YES;
				GCC_WARN_ABOUT_RETURN_TYPE = YES_ERROR;
				GCC_WARN_UNDECLARED_SELECTOR = YES;
				GCC_WARN_UNINITIALIZED_AUTOS = YES_AGGRESSIVE;
				GCC_WARN_UNUSED_FUNCTION = YES;
				GCC_WARN_UNUSED_VARIABLE = YES;
				IPHONEOS_DEPLOYMENT_TARGET = 11.2;
				MTL_ENABLE_DEBUG_INFO = NO;
				SDKROOT = iphoneos;
				VALIDATE_PRODUCT = YES;
			};
			name = Release;
		};
		612C8CF620072C290068B703 /* Debug */ = {
			isa = XCBuildConfiguration;
			buildSettings = {
				ASSETCATALOG_COMPILER_APPICON_NAME = AppIcon;
				CODE_SIGN_STYLE = Automatic;
				DEVELOPMENT_TEAM = E8U8KL397R;
				INFOPLIST_FILE = JPAnimation/Info.plist;
				IPHONEOS_DEPLOYMENT_TARGET = 9.0;
				LD_RUNPATH_SEARCH_PATHS = "$(inherited) @executable_path/Frameworks";
				PRODUCT_BUNDLE_IDENTIFIER = com.panfuTech.JPAnimation;
				PRODUCT_NAME = "$(TARGET_NAME)";
				TARGETED_DEVICE_FAMILY = "1,2";
			};
			name = Debug;
		};
		612C8CF720072C290068B703 /* Release */ = {
			isa = XCBuildConfiguration;
			buildSettings = {
				ASSETCATALOG_COMPILER_APPICON_NAME = AppIcon;
				CODE_SIGN_STYLE = Automatic;
				DEVELOPMENT_TEAM = E8U8KL397R;
				INFOPLIST_FILE = JPAnimation/Info.plist;
				IPHONEOS_DEPLOYMENT_TARGET = 9.0;
				LD_RUNPATH_SEARCH_PATHS = "$(inherited) @executable_path/Frameworks";
				PRODUCT_BUNDLE_IDENTIFIER = com.panfuTech.JPAnimation;
				PRODUCT_NAME = "$(TARGET_NAME)";
				TARGETED_DEVICE_FAMILY = "1,2";
			};
			name = Release;
		};
		612C8CF920072C290068B703 /* Debug */ = {
			isa = XCBuildConfiguration;
			buildSettings = {
				BUNDLE_LOADER = "$(TEST_HOST)";
				CODE_SIGN_STYLE = Automatic;
				DEVELOPMENT_TEAM = E8U8KL397R;
				INFOPLIST_FILE = JPAnimationTests/Info.plist;
				LD_RUNPATH_SEARCH_PATHS = "$(inherited) @executable_path/Frameworks @loader_path/Frameworks";
				PRODUCT_BUNDLE_IDENTIFIER = com.panfuTech.JPAnimationTests;
				PRODUCT_NAME = "$(TARGET_NAME)";
				TARGETED_DEVICE_FAMILY = "1,2";
				TEST_HOST = "$(BUILT_PRODUCTS_DIR)/JPAnimation.app/JPAnimation";
			};
			name = Debug;
		};
		612C8CFA20072C290068B703 /* Release */ = {
			isa = XCBuildConfiguration;
			buildSettings = {
				BUNDLE_LOADER = "$(TEST_HOST)";
				CODE_SIGN_STYLE = Automatic;
				DEVELOPMENT_TEAM = E8U8KL397R;
				INFOPLIST_FILE = JPAnimationTests/Info.plist;
				LD_RUNPATH_SEARCH_PATHS = "$(inherited) @executable_path/Frameworks @loader_path/Frameworks";
				PRODUCT_BUNDLE_IDENTIFIER = com.panfuTech.JPAnimationTests;
				PRODUCT_NAME = "$(TARGET_NAME)";
				TARGETED_DEVICE_FAMILY = "1,2";
				TEST_HOST = "$(BUILT_PRODUCTS_DIR)/JPAnimation.app/JPAnimation";
			};
			name = Release;
		};
/* End XCBuildConfiguration section */

/* Begin XCConfigurationList section */
		612C8CCF20072C280068B703 /* Build configuration list for PBXProject "JPAnimation" */ = {
			isa = XCConfigurationList;
			buildConfigurations = (
				612C8CF320072C290068B703 /* Debug */,
				612C8CF420072C290068B703 /* Release */,
			);
			defaultConfigurationIsVisible = 0;
			defaultConfigurationName = Release;
		};
		612C8CF520072C290068B703 /* Build configuration list for PBXNativeTarget "JPAnimation" */ = {
			isa = XCConfigurationList;
			buildConfigurations = (
				612C8CF620072C290068B703 /* Debug */,
				612C8CF720072C290068B703 /* Release */,
			);
			defaultConfigurationIsVisible = 0;
			defaultConfigurationName = Release;
		};
		612C8CF820072C290068B703 /* Build configuration list for PBXNativeTarget "JPAnimationTests" */ = {
			isa = XCConfigurationList;
			buildConfigurations = (
				612C8CF920072C290068B703 /* Debug */,
				612C8CFA20072C290068B703 /* Release */,
			);
			defaultConfigurationIsVisible = 0;
			defaultConfigurationName = Release;
		};
/* End XCConfigurationList section */
	};
	rootObject = 612C8CCC20072C280068B703 /* Project object */;
}
